// !$*UTF8*$!
{
	archiveVersion = 1;
	classes = {
	};
	objectVersion = 46;
	objects = {

/* Begin PBXBuildFile section */
		EA722E461C1A823900FAED18 /* main.m in Sources */ = {isa = PBXBuildFile; fileRef = EA722E451C1A823900FAED18 /* main.m */; };
		EA722E491C1A823900FAED18 /* AppDelegate.m in Sources */ = {isa = PBXBuildFile; fileRef = EA722E481C1A823900FAED18 /* AppDelegate.m */; };
		EA722E4C1C1A823900FAED18 /* ViewController.m in Sources */ = {isa = PBXBuildFile; fileRef = EA722E4B1C1A823900FAED18 /* ViewController.m */; };
		EA722E4F1C1A823900FAED18 /* Main.storyboard in Resources */ = {isa = PBXBuildFile; fileRef = EA722E4D1C1A823900FAED18 /* Main.storyboard */; };
		EA722E511C1A823900FAED18 /* Assets.xcassets in Resources */ = {isa = PBXBuildFile; fileRef = EA722E501C1A823900FAED18 /* Assets.xcassets */; };
		EA722E541C1A823900FAED18 /* LaunchScreen.storyboard in Resources */ = {isa = PBXBuildFile; fileRef = EA722E521C1A823900FAED18 /* LaunchScreen.storyboard */; };
		EA722E5F1C1A823A00FAED18 /* BubbleChooseClassTests.m in Sources */ = {isa = PBXBuildFile; fileRef = EA722E5E1C1A823A00FAED18 /* BubbleChooseClassTests.m */; };
		EA722E6A1C1A823A00FAED18 /* BubbleChooseClassUITests.m in Sources */ = {isa = PBXBuildFile; fileRef = EA722E691C1A823A00FAED18 /* BubbleChooseClassUITests.m */; };
/* End PBXBuildFile section */

/* Begin PBXContainerItemProxy section */
		EA722E5B1C1A823A00FAED18 /* PBXContainerItemProxy */ = {
			isa = PBXContainerItemProxy;
			containerPortal = EA722E391C1A823900FAED18 /* Project object */;
			proxyType = 1;
			remoteGlobalIDString = EA722E401C1A823900FAED18;
			remoteInfo = BubbleChooseClass;
		};
		EA722E661C1A823A00FAED18 /* PBXContainerItemProxy */ = {
			isa = PBXContainerItemProxy;
			containerPortal = EA722E391C1A823900FAED18 /* Project object */;
			proxyType = 1;
			remoteGlobalIDString = EA722E401C1A823900FAED18;
			remoteInfo = BubbleChooseClass;
		};
/* End PBXContainerItemProxy section */

/* Begin PBXFileReference section */
		EA722E411C1A823900FAED18 /* BubbleChooseClass.app */ = {isa = PBXFileReference; explicitFileType = wrapper.application; includeInIndex = 0; path = BubbleChooseClass.app; sourceTree = BUILT_PRODUCTS_DIR; };
		EA722E451C1A823900FAED18 /* main.m */ = {isa = PBXFileReference; lastKnownFileType = sourcecode.c.objc; path = main.m; sourceTree = "<group>"; };
		EA722E471C1A823900FAED18 /* AppDelegate.h */ = {isa = PBXFileReference; lastKnownFileType = sourcecode.c.h; path = AppDelegate.h; sourceTree = "<group>"; };
		EA722E481C1A823900FAED18 /* AppDelegate.m */ = {isa = PBXFileReference; lastKnownFileType = sourcecode.c.objc; path = AppDelegate.m; sourceTree = "<group>"; };
		EA722E4A1C1A823900FAED18 /* ViewController.h */ = {isa = PBXFileReference; lastKnownFileType = sourcecode.c.h; path = ViewController.h; sourceTree = "<group>"; };
		EA722E4B1C1A823900FAED18 /* ViewController.m */ = {isa = PBXFileReference; lastKnownFileType = sourcecode.c.objc; path = ViewController.m; sourceTree = "<group>"; };
		EA722E4E1C1A823900FAED18 /* Base */ = {isa = PBXFileReference; lastKnownFileType = file.storyboard; name = Base; path = Base.lproj/Main.storyboard; sourceTree = "<group>"; };
		EA722E501C1A823900FAED18 /* Assets.xcassets */ = {isa = PBXFileReference; lastKnownFileType = folder.assetcatalog; path = Assets.xcassets; sourceTree = "<group>"; };
		EA722E531C1A823900FAED18 /* Base */ = {isa = PBXFileReference; lastKnownFileType = file.storyboard; name = Base; path = Base.lproj/LaunchScreen.storyboard; sourceTree = "<group>"; };
		EA722E551C1A823900FAED18 /* Info.plist */ = {isa = PBXFileReference; lastKnownFileType = text.plist.xml; path = Info.plist; sourceTree = "<group>"; };
		EA722E5A1C1A823A00FAED18 /* BubbleChooseClassTests.xctest */ = {isa = PBXFileReference; explicitFileType = wrapper.cfbundle; includeInIndex = 0; path = BubbleChooseClassTests.xctest; sourceTree = BUILT_PRODUCTS_DIR; };
		EA722E5E1C1A823A00FAED18 /* BubbleChooseClassTests.m */ = {isa = PBXFileReference; lastKnownFileType = sourcecode.c.objc; path = BubbleChooseClassTests.m; sourceTree = "<group>"; };
		EA722E601C1A823A00FAED18 /* Info.plist */ = {isa = PBXFileReference; lastKnownFileType = text.plist.xml; path = Info.plist; sourceTree = "<group>"; };
		EA722E651C1A823A00FAED18 /* BubbleChooseClassUITests.xctest */ = {isa = PBXFileReference; explicitFileType = wrapper.cfbundle; includeInIndex = 0; path = BubbleChooseClassUITests.xctest; sourceTree = BUILT_PRODUCTS_DIR; };
		EA722E691C1A823A00FAED18 /* BubbleChooseClassUITests.m */ = {isa = PBXFileReference; lastKnownFileType = sourcecode.c.objc; path = BubbleChooseClassUITests.m; sourceTree = "<group>"; };
		EA722E6B1C1A823A00FAED18 /* Info.plist */ = {isa = PBXFileReference; lastKnownFileType = text.plist.xml; path = Info.plist; sourceTree = "<group>"; };
/* End PBXFileReference section */

/* Begin PBXFrameworksBuildPhase section */
		EA722E3E1C1A823900FAED18 /* Frameworks */ = {
			isa = PBXFrameworksBuildPhase;
			buildActionMask = 2147483647;
			files = (
			);
			runOnlyForDeploymentPostprocessing = 0;
		};
		EA722E571C1A823A00FAED18 /* Frameworks */ = {
			isa = PBXFrameworksBuildPhase;
			buildActionMask = 2147483647;
			files = (
			);
			runOnlyForDeploymentPostprocessing = 0;
		};
		EA722E621C1A823A00FAED18 /* Frameworks */ = {
			isa = PBXFrameworksBuildPhase;
			buildActionMask = 2147483647;
			files = (
			);
			runOnlyForDeploymentPostprocessing = 0;
		};
/* End PBXFrameworksBuildPhase section */

/* Begin PBXGroup section */
		EA722E381C1A823900FAED18 = {
			isa = PBXGroup;
			children = (
				EA722E431C1A823900FAED18 /* BubbleChooseClass */,
				EA722E5D1C1A823A00FAED18 /* BubbleChooseClassTests */,
				EA722E681C1A823A00FAED18 /* BubbleChooseClassUITests */,
				EA722E421C1A823900FAED18 /* Products */,
			);
			sourceTree = "<group>";
		};
		EA722E421C1A823900FAED18 /* Products */ = {
			isa = PBXGroup;
			children = (
				EA722E411C1A823900FAED18 /* BubbleChooseClass.app */,
				EA722E5A1C1A823A00FAED18 /* BubbleChooseClassTests.xctest */,
				EA722E651C1A823A00FAED18 /* BubbleChooseClassUITests.xctest */,
			);
			name = Products;
			sourceTree = "<group>";
		};
		EA722E431C1A823900FAED18 /* BubbleChooseClass */ = {
			isa = PBXGroup;
			children = (
				EA722E471C1A823900FAED18 /* AppDelegate.h */,
				EA722E481C1A823900FAED18 /* AppDelegate.m */,
				EA722E4A1C1A823900FAED18 /* ViewController.h */,
				EA722E4B1C1A823900FAED18 /* ViewController.m */,
				EA722E4D1C1A823900FAED18 /* Main.storyboard */,
				EA722E501C1A823900FAED18 /* Assets.xcassets */,
				EA722E521C1A823900FAED18 /* LaunchScreen.storyboard */,
				EA722E551C1A823900FAED18 /* Info.plist */,
				EA722E441C1A823900FAED18 /* Supporting Files */,
			);
			path = BubbleChooseClass;
			sourceTree = "<group>";
		};
		EA722E441C1A823900FAED18 /* Supporting Files */ = {
			isa = PBXGroup;
			children = (
				EA722E451C1A823900FAED18 /* main.m */,
			);
			name = "Supporting Files";
			sourceTree = "<group>";
		};
		EA722E5D1C1A823A00FAED18 /* BubbleChooseClassTests */ = {
			isa = PBXGroup;
			children = (
				EA722E5E1C1A823A00FAED18 /* BubbleChooseClassTests.m */,
				EA722E601C1A823A00FAED18 /* Info.plist */,
			);
			path = BubbleChooseClassTests;
			sourceTree = "<group>";
		};
		EA722E681C1A823A00FAED18 /* BubbleChooseClassUITests */ = {
			isa = PBXGroup;
			children = (
				EA722E691C1A823A00FAED18 /* BubbleChooseClassUITests.m */,
				EA722E6B1C1A823A00FAED18 /* Info.plist */,
			);
			path = BubbleChooseClassUITests;
			sourceTree = "<group>";
		};
/* End PBXGroup section */

/* Begin PBXNativeTarget section */
		EA722E401C1A823900FAED18 /* BubbleChooseClass */ = {
			isa = PBXNativeTarget;
			buildConfigurationList = EA722E6E1C1A823A00FAED18 /* Build configuration list for PBXNativeTarget "BubbleChooseClass" */;
			buildPhases = (
				EA722E3D1C1A823900FAED18 /* Sources */,
				EA722E3E1C1A823900FAED18 /* Frameworks */,
				EA722E3F1C1A823900FAED18 /* Resources */,
			);
			buildRules = (
			);
			dependencies = (
			);
			name = BubbleChooseClass;
			productName = BubbleChooseClass;
			productReference = EA722E411C1A823900FAED18 /* BubbleChooseClass.app */;
			productType = "com.apple.product-type.application";
		};
		EA722E591C1A823A00FAED18 /* BubbleChooseClassTests */ = {
			isa = PBXNativeTarget;
			buildConfigurationList = EA722E711C1A823A00FAED18 /* Build configuration list for PBXNativeTarget "BubbleChooseClassTests" */;
			buildPhases = (
				EA722E561C1A823A00FAED18 /* Sources */,
				EA722E571C1A823A00FAED18 /* Frameworks */,
				EA722E581C1A823A00FAED18 /* Resources */,
			);
			buildRules = (
			);
			dependencies = (
				EA722E5C1C1A823A00FAED18 /* PBXTargetDependency */,
			);
			name = BubbleChooseClassTests;
			productName = BubbleChooseClassTests;
			productReference = EA722E5A1C1A823A00FAED18 /* BubbleChooseClassTests.xctest */;
			productType = "com.apple.product-type.bundle.unit-test";
		};
		EA722E641C1A823A00FAED18 /* BubbleChooseClassUITests */ = {
			isa = PBXNativeTarget;
			buildConfigurationList = EA722E741C1A823A00FAED18 /* Build configuration list for PBXNativeTarget "BubbleChooseClassUITests" */;
			buildPhases = (
				EA722E611C1A823A00FAED18 /* Sources */,
				EA722E621C1A823A00FAED18 /* Frameworks */,
				EA722E631C1A823A00FAED18 /* Resources */,
			);
			buildRules = (
			);
			dependencies = (
				EA722E671C1A823A00FAED18 /* PBXTargetDependency */,
			);
			name = BubbleChooseClassUITests;
			productName = BubbleChooseClassUITests;
			productReference = EA722E651C1A823A00FAED18 /* BubbleChooseClassUITests.xctest */;
			productType = "com.apple.product-type.bundle.ui-testing";
		};
/* End PBXNativeTarget section */

/* Begin PBXProject section */
		EA722E391C1A823900FAED18 /* Project object */ = {
			isa = PBXProject;
			attributes = {
				LastUpgradeCheck = 0710;
				ORGANIZATIONNAME = ryeeo;
				TargetAttributes = {
					EA722E401C1A823900FAED18 = {
						CreatedOnToolsVersion = 7.1.1;
					};
					EA722E591C1A823A00FAED18 = {
						CreatedOnToolsVersion = 7.1.1;
						TestTargetID = EA722E401C1A823900FAED18;
					};
					EA722E641C1A823A00FAED18 = {
						CreatedOnToolsVersion = 7.1.1;
						TestTargetID = EA722E401C1A823900FAED18;
					};
				};
			};
			buildConfigurationList = EA722E3C1C1A823900FAED18 /* Build configuration list for PBXProject "BubbleChooseClass" */;
			compatibilityVersion = "Xcode 3.2";
			developmentRegion = English;
			hasScannedForEncodings = 0;
			knownRegions = (
				en,
				Base,
			);
			mainGroup = EA722E381C1A823900FAED18;
			productRefGroup = EA722E421C1A823900FAED18 /* Products */;
			projectDirPath = "";
			projectRoot = "";
			targets = (
				EA722E401C1A823900FAED18 /* BubbleChooseClass */,
				EA722E591C1A823A00FAED18 /* BubbleChooseClassTests */,
				EA722E641C1A823A00FAED18 /* BubbleChooseClassUITests */,
			);
		};
/* End PBXProject section */

/* Begin PBXResourcesBuildPhase section */
		EA722E3F1C1A823900FAED18 /* Resources */ = {
			isa = PBXResourcesBuildPhase;
			buildActionMask = 2147483647;
			files = (
				EA722E541C1A823900FAED18 /* LaunchScreen.storyboard in Resources */,
				EA722E511C1A823900FAED18 /* Assets.xcassets in Resources */,
				EA722E4F1C1A823900FAED18 /* Main.storyboard in Resources */,
			);
			runOnlyForDeploymentPostprocessing = 0;
		};
		EA722E581C1A823A00FAED18 /* Resources */ = {
			isa = PBXResourcesBuildPhase;
			buildActionMask = 2147483647;
			files = (
			);
			runOnlyForDeploymentPostprocessing = 0;
		};
		EA722E631C1A823A00FAED18 /* Resources */ = {
			isa = PBXResourcesBuildPhase;
			buildActionMask = 2147483647;
			files = (
			);
			runOnlyForDeploymentPostprocessing = 0;
		};
/* End PBXResourcesBuildPhase section */

/* Begin PBXSourcesBuildPhase section */
		EA722E3D1C1A823900FAED18 /* Sources */ = {
			isa = PBXSourcesBuildPhase;
			buildActionMask = 2147483647;
			files = (
				EA722E4C1C1A823900FAED18 /* ViewController.m in Sources */,
				EA722E491C1A823900FAED18 /* AppDelegate.m in Sources */,
				EA722E461C1A823900FAED18 /* main.m in Sources */,
			);
			runOnlyForDeploymentPostprocessing = 0;
		};
		EA722E561C1A823A00FAED18 /* Sources */ = {
			isa = PBXSourcesBuildPhase;
			buildActionMask = 2147483647;
			files = (
				EA722E5F1C1A823A00FAED18 /* BubbleChooseClassTests.m in Sources */,
			);
			runOnlyForDeploymentPostprocessing = 0;
		};
		EA722E611C1A823A00FAED18 /* Sources */ = {
			isa = PBXSourcesBuildPhase;
			buildActionMask = 2147483647;
			files = (
				EA722E6A1C1A823A00FAED18 /* BubbleChooseClassUITests.m in Sources */,
			);
			runOnlyForDeploymentPostprocessing = 0;
		};
/* End PBXSourcesBuildPhase section */

/* Begin PBXTargetDependency section */
		EA722E5C1C1A823A00FAED18 /* PBXTargetDependency */ = {
			isa = PBXTargetDependency;
			target = EA722E401C1A823900FAED18 /* BubbleChooseClass */;
			targetProxy = EA722E5B1C1A823A00FAED18 /* PBXContainerItemProxy */;
		};
		EA722E671C1A823A00FAED18 /* PBXTargetDependency */ = {
			isa = PBXTargetDependency;
			target = EA722E401C1A823900FAED18 /* BubbleChooseClass */;
			targetProxy = EA722E661C1A823A00FAED18 /* PBXContainerItemProxy */;
		};
/* End PBXTargetDependency section */

/* Begin PBXVariantGroup section */
		EA722E4D1C1A823900FAED18 /* Main.storyboard */ = {
			isa = PBXVariantGroup;
			children = (
				EA722E4E1C1A823900FAED18 /* Base */,
			);
			name = Main.storyboard;
			sourceTree = "<group>";
		};
		EA722E521C1A823900FAED18 /* LaunchScreen.storyboard */ = {
			isa = PBXVariantGroup;
			children = (
				EA722E531C1A823900FAED18 /* Base */,
			);
			name = LaunchScreen.storyboard;
			sourceTree = "<group>";
		};
/* End PBXVariantGroup section */

/* Begin XCBuildConfiguration section */
		EA722E6C1C1A823A00FAED18 /* Debug */ = {
			isa = XCBuildConfiguration;
			buildSettings = {
				ALWAYS_SEARCH_USER_PATHS = NO;
				CLANG_CXX_LANGUAGE_STANDARD = "gnu++0x";
				CLANG_CXX_LIBRARY = "libc++";
				CLANG_ENABLE_MODULES = YES;
				CLANG_ENABLE_OBJC_ARC = YES;
				CLANG_WARN_BOOL_CONVERSION = YES;
				CLANG_WARN_CONSTANT_CONVERSION = YES;
				CLANG_WARN_DIRECT_OBJC_ISA_USAGE = YES_ERROR;
				CLANG_WARN_EMPTY_BODY = YES;
				CLANG_WARN_ENUM_CONVERSION = YES;
				CLANG_WARN_INT_CONVERSION = YES;
				CLANG_WARN_OBJC_ROOT_CLASS = YES_ERROR;
				CLANG_WARN_UNREACHABLE_CODE = YES;
				CLANG_WARN__DUPLICATE_METHOD_MATCH = YES;
				"CODE_SIGN_IDENTITY[sdk=iphoneos*]" = "iPhone Developer";
				COPY_PHASE_STRIP = NO;
				DEBUG_INFORMATION_FORMAT = dwarf;
				ENABLE_STRICT_OBJC_MSGSEND = YES;
				ENABLE_TESTABILITY = YES;
				GCC_C_LANGUAGE_STANDARD = gnu99;
				GCC_DYNAMIC_NO_PIC = NO;
				GCC_NO_COMMON_BLOCKS = YES;
				GCC_OPTIMIZATION_LEVEL = 0;
				GCC_PREPROCESSOR_DEFINITIONS = (
					"DEBUG=1",
					"$(inherited)",
				);
				GCC_WARN_64_TO_32_BIT_CONVERSION = YES;
				GCC_WARN_ABOUT_RETURN_TYPE = YES_ERROR;
				GCC_WARN_UNDECLARED_SELECTOR = YES;
				GCC_WARN_UNINITIALIZED_AUTOS = YES_AGGRESSIVE;
				GCC_WARN_UNUSED_FUNCTION = YES;
				GCC_WARN_UNUSED_VARIABLE = YES;
				IPHONEOS_DEPLOYMENT_TARGET = 9.1;
				MTL_ENABLE_DEBUG_INFO = YES;
				ONLY_ACTIVE_ARCH = YES;
				SDKROOT = iphoneos;
			};
			name = Debug;
		};
		EA722E6D1C1A823A00FAED18 /* Release */ = {
			isa = XCBuildConfiguration;
			buildSettings = {
				ALWAYS_SEARCH_USER_PATHS = NO;
				CLANG_CXX_LANGUAGE_STANDARD = "gnu++0x";
				CLANG_CXX_LIBRARY = "libc++";
				CLANG_ENABLE_MODULES = YES;
				CLANG_ENABLE_OBJC_ARC = YES;
				CLANG_WARN_BOOL_CONVERSION = YES;
				CLANG_WARN_CONSTANT_CONVERSION = YES;
				CLANG_WARN_DIRECT_OBJC_ISA_USAGE = YES_ERROR;
				CLANG_WARN_EMPTY_BODY = YES;
				CLANG_WARN_ENUM_CONVERSION = YES;
				CLANG_WARN_INT_CONVERSION = YES;
				CLANG_WARN_OBJC_ROOT_CLASS = YES_ERROR;
				CLANG_WARN_UNREACHABLE_CODE = YES;
				CLANG_WARN__DUPLICATE_METHOD_MATCH = YES;
				"CODE_SIGN_IDENTITY[sdk=iphoneos*]" = "iPhone Developer";
				COPY_PHASE_STRIP = NO;
				DEBUG_INFORMATION_FORMAT = "dwarf-with-dsym";
				ENABLE_NS_ASSERTIONS = NO;
				ENABLE_STRICT_OBJC_MSGSEND = YES;
				GCC_C_LANGUAGE_STANDARD = gnu99;
				GCC_NO_COMMON_BLOCKS = YES;
				GCC_WARN_64_TO_32_BIT_CONVERSION = YES;
				GCC_WARN_ABOUT_RETURN_TYPE = YES_ERROR;
				GCC_WARN_UNDECLARED_SELECTOR = YES;
				GCC_WARN_UNINITIALIZED_AUTOS = YES_AGGRESSIVE;
				GCC_WARN_UNUSED_FUNCTION = YES;
				GCC_WARN_UNUSED_VARIABLE = YES;
				IPHONEOS_DEPLOYMENT_TARGET = 9.1;
				MTL_ENABLE_DEBUG_INFO = NO;
				SDKROOT = iphoneos;
				VALIDATE_PRODUCT = YES;
			};
			name = Release;
		};
		EA722E6F1C1A823A00FAED18 /* Debug */ = {
			isa = XCBuildConfiguration;
			buildSettings = {
				ASSETCATALOG_COMPILER_APPICON_NAME = AppIcon;
				INFOPLIST_FILE = BubbleChooseClass/Info.plist;
				LD_RUNPATH_SEARCH_PATHS = "$(inherited) @executable_path/Frameworks";
				PRODUCT_BUNDLE_IDENTIFIER = com.ryeeo.BubbleChooseClass;
				PRODUCT_NAME = "$(TARGET_NAME)";
			};
			name = Debug;
		};
		EA722E701C1A823A00FAED18 /* Release */ = {
			isa = XCBuildConfiguration;
			buildSettings = {
				ASSETCATALOG_COMPILER_APPICON_NAME = AppIcon;
				INFOPLIST_FILE = BubbleChooseClass/Info.plist;
				LD_RUNPATH_SEARCH_PATHS = "$(inherited) @executable_path/Frameworks";
				PRODUCT_BUNDLE_IDENTIFIER = com.ryeeo.BubbleChooseClass;
				PRODUCT_NAME = "$(TARGET_NAME)";
			};
			name = Release;
		};
		EA722E721C1A823A00FAED18 /* Debug */ = {
			isa = XCBuildConfiguration;
			buildSettings = {
				BUNDLE_LOADER = "$(TEST_HOST)";
				INFOPLIST_FILE = BubbleChooseClassTests/Info.plist;
				LD_RUNPATH_SEARCH_PATHS = "$(inherited) @executable_path/Frameworks @loader_path/Frameworks";
				PRODUCT_BUNDLE_IDENTIFIER = com.ryeeo.BubbleChooseClassTests;
				PRODUCT_NAME = "$(TARGET_NAME)";
				TEST_HOST = "$(BUILT_PRODUCTS_DIR)/BubbleChooseClass.app/BubbleChooseClass";
			};
			name = Debug;
		};
		EA722E731C1A823A00FAED18 /* Release */ = {
			isa = XCBuildConfiguration;
			buildSettings = {
				BUNDLE_LOADER = "$(TEST_HOST)";
				INFOPLIST_FILE = BubbleChooseClassTests/Info.plist;
				LD_RUNPATH_SEARCH_PATHS = "$(inherited) @executable_path/Frameworks @loader_path/Frameworks";
				PRODUCT_BUNDLE_IDENTIFIER = com.ryeeo.BubbleChooseClassTests;
				PRODUCT_NAME = "$(TARGET_NAME)";
				TEST_HOST = "$(BUILT_PRODUCTS_DIR)/BubbleChooseClass.app/BubbleChooseClass";
			};
			name = Release;
		};
		EA722E751C1A823A00FAED18 /* Debug */ = {
			isa = XCBuildConfiguration;
			buildSettings = {
				INFOPLIST_FILE = BubbleChooseClassUITests/Info.plist;
				LD_RUNPATH_SEARCH_PATHS = "$(inherited) @executable_path/Frameworks @loader_path/Frameworks";
				PRODUCT_BUNDLE_IDENTIFIER = com.ryeeo.BubbleChooseClassUITests;
				PRODUCT_NAME = "$(TARGET_NAME)";
				TEST_TARGET_NAME = BubbleChooseClass;
				USES_XCTRUNNER = YES;
			};
			name = Debug;
		};
		EA722E761C1A823A00FAED18 /* Release */ = {
			isa = XCBuildConfiguration;
			buildSettings = {
				INFOPLIST_FILE = BubbleChooseClassUITests/Info.plist;
				LD_RUNPATH_SEARCH_PATHS = "$(inherited) @executable_path/Frameworks @loader_path/Frameworks";
				PRODUCT_BUNDLE_IDENTIFIER = com.ryeeo.BubbleChooseClassUITests;
				PRODUCT_NAME = "$(TARGET_NAME)";
				TEST_TARGET_NAME = BubbleChooseClass;
				USES_XCTRUNNER = YES;
			};
			name = Release;
		};
/* End XCBuildConfiguration section */

/* Begin XCConfigurationList section */
		EA722E3C1C1A823900FAED18 /* Build configuration list for PBXProject "BubbleChooseClass" */ = {
			isa = XCConfigurationList;
			buildConfigurations = (
				EA722E6C1C1A823A00FAED18 /* Debug */,
				EA722E6D1C1A823A00FAED18 /* Release */,
			);
			defaultConfigurationIsVisible = 0;
			defaultConfigurationName = Release;
		};
		EA722E6E1C1A823A00FAED18 /* Build configuration list for PBXNativeTarget "BubbleChooseClass" */ = {
			isa = XCConfigurationList;
			buildConfigurations = (
				EA722E6F1C1A823A00FAED18 /* Debug */,
				EA722E701C1A823A00FAED18 /* Release */,
			);
			defaultConfigurationIsVisible = 0;
		};
		EA722E711C1A823A00FAED18 /* Build configuration list for PBXNativeTarget "BubbleChooseClassTests" */ = {
			isa = XCConfigurationList;
			buildConfigurations = (
				EA722E721C1A823A00FAED18 /* Debug */,
				EA722E731C1A823A00FAED18 /* Release */,
			);
			defaultConfigurationIsVisible = 0;
		};
		EA722E741C1A823A00FAED18 /* Build configuration list for PBXNativeTarget "BubbleChooseClassUITests" */ = {
			isa = XCConfigurationList;
			buildConfigurations = (
				EA722E751C1A823A00FAED18 /* Debug */,
				EA722E761C1A823A00FAED18 /* Release */,
			);
			defaultConfigurationIsVisible = 0;
		};
/* End XCConfigurationList section */
	};
	rootObject = EA722E391C1A823900FAED18 /* Project object */;
}
